{
  "name": "tests",
  "version": "1.0.0",
  "lockfileVersion": 3,
  "requires": true,
  "packages": {
    "": {
      "name": "tests",
      "version": "1.0.0",
      "license": "ISC",
      "devDependencies": {
        "tailwind-auditor": "file:../../tailwind-auditor"
      }
    },
    "..": {
      "version": "1.0.1",
      "dev": true,
      "license": "ISC",
      "bin": {
        "tailwind-auditor": "bin/index.js"
      }
    },
    "node_modules/tailwind-auditor": {
      "resolved": "..",
      "link": true
    }
  }
}
